
Microsoft Visual Studio Solution File, Format Version 12.00
# Visual Studio Version 16
VisualStudioVersion = 16.0.30804.86
MinimumVisualStudioVersion = 10.0.40219.1
Project("{FAE04EC0-301F-11D3-BF4B-00C04F79EFBC}") = "addressbook_tests_white", "addressbook_tests_white.csproj", "{7FA4B61B-3CC4-4CBD-839A-5D56E1FE9F7D}"
EndProject
Global
	GlobalSection(SolutionConfigurationPlatforms) = preSolution
		Debug|Any CPU = Debug|Any CPU
		Release|Any CPU = Release|Any CPU
	EndGlobalSection
	GlobalSection(ProjectConfigurationPlatforms) = postSolution
		{7FA4B61B-3CC4-4CBD-839A-5D56E1FE9F7D}.Debug|Any CPU.ActiveCfg = Debug|Any CPU
		{7FA4B61B-3CC4-4CBD-839A-5D56E1FE9F7D}.Debug|Any CPU.Build.0 = Debug|Any CPU
		{7FA4B61B-3CC4-4CBD-839A-5D56E1FE9F7D}.Release|Any CPU.ActiveCfg = Release|Any CPU
		{7FA4B61B-3CC4-4CBD-839A-5D56E1FE9F7D}.Release|Any CPU.Build.0 = Release|Any CPU
	EndGlobalSection
	GlobalSection(SolutionProperties) = preSolution
		HideSolutionNode = FALSE
	EndGlobalSection
	GlobalSection(ExtensibilityGlobals) = postSolution
		SolutionGuid = {DF497112-E657-4EEE-BF60-5ABB75439DD5}
	EndGlobalSection
EndGlobal
